
Microsoft Visual Studio Solution File, Format Version 12.00
# Visual Studio 15
VisualStudioVersion = 15.0.27130.2010
MinimumVisualStudioVersion = 10.0.40219.1
Project("{FAE04EC0-301F-11D3-BF4B-00C04F79EFBC}") = "Krikorian_Programming_Assignment", "Krikorian_Programming_Assignment\Krikorian_Programming_Assignment.csproj", "{FF6A2328-0DF3-4F09-9E51-24D27C449633}"
EndProject
Global
	GlobalSection(SolutionConfigurationPlatforms) = preSolution
		Debug|Any CPU = Debug|Any CPU
		Release|Any CPU = Release|Any CPU
	EndGlobalSection
	GlobalSection(ProjectConfigurationPlatforms) = postSolution
		{FF6A2328-0DF3-4F09-9E51-24D27C449633}.Debug|Any CPU.ActiveCfg = Debug|Any CPU
		{FF6A2328-0DF3-4F09-9E51-24D27C449633}.Debug|Any CPU.Build.0 = Debug|Any CPU
		{FF6A2328-0DF3-4F09-9E51-24D27C449633}.Release|Any CPU.ActiveCfg = Release|Any CPU
		{FF6A2328-0DF3-4F09-9E51-24D27C449633}.Release|Any CPU.Build.0 = Release|Any CPU
	EndGlobalSection
	GlobalSection(SolutionProperties) = preSolution
		HideSolutionNode = FALSE
	EndGlobalSection
	GlobalSection(ExtensibilityGlobals) = postSolution
		SolutionGuid = {9A246EE3-4B98-4F7F-A2B1-FEF4241342C2}
	EndGlobalSection
EndGlobal
